
Microsoft Visual Studio Solution File, Format Version 12.00
# Visual Studio Version 17
VisualStudioVersion = 17.0.31903.59
MinimumVisualStudioVersion = 10.0.40219.1
Project("{9A19103F-16F7-4668-BE54-9A1E7A4F7556}") = "day_01", "day_01\day_01.csproj", "{3E1EC010-52E0-437B-BF92-343FA957181B}"
EndProject
Project("{9A19103F-16F7-4668-BE54-9A1E7A4F7556}") = "aoc-tools", "aoc-tools\aoc-tools.csproj", "{C3469D9F-C9BF-42F3-BADD-E90736314CD1}"
EndProject
Project("{9A19103F-16F7-4668-BE54-9A1E7A4F7556}") = "day_02", "day_02\day_02.csproj", "{1EC75AE5-A557-4E75-9083-031821680540}"
EndProject
Project("{9A19103F-16F7-4668-BE54-9A1E7A4F7556}") = "day_03", "day_03\day_03.csproj", "{05746773-A77D-43F4-AF9E-9EBC3342AF84}"
EndProject
Project("{9A19103F-16F7-4668-BE54-9A1E7A4F7556}") = "day_04", "day_04\day_04.csproj", "{5AFF68BF-0D38-4310-8FF2-369339A82078}"
EndProject
Project("{9A19103F-16F7-4668-BE54-9A1E7A4F7556}") = "day_05", "day_05\day_05.csproj", "{25B44311-FB8D-4B5E-BC9F-7A545F4E62A6}"
EndProject
Project("{9A19103F-16F7-4668-BE54-9A1E7A4F7556}") = "day_06", "day_06\day_06.csproj", "{887EFF7B-6651-477E-9A36-DBE5BEF2B416}"
EndProject
Project("{9A19103F-16F7-4668-BE54-9A1E7A4F7556}") = "day_07", "day_07\day_07.csproj", "{DC4943DD-6777-4599-8D55-80BB25BD8F69}"
EndProject
Project("{9A19103F-16F7-4668-BE54-9A1E7A4F7556}") = "day_08", "day_08\day_08.csproj", "{71F0EB9E-9852-458B-851A-0D70406D2746}"
EndProject
Project("{FAE04EC0-301F-11D3-BF4B-00C04F79EFBC}") = "day_09", "day_09\day_09.csproj", "{0A1AC58C-16A3-4B06-B0E1-04C8F24931CE}"
EndProject
Project("{FAE04EC0-301F-11D3-BF4B-00C04F79EFBC}") = "day_10", "day_10\day_10.csproj", "{FC01E218-9B86-453E-A7D4-0F61DB0DF0D6}"
EndProject
Global
	GlobalSection(SolutionConfigurationPlatforms) = preSolution
		Debug|Any CPU = Debug|Any CPU
		Release|Any CPU = Release|Any CPU
	EndGlobalSection
	GlobalSection(ProjectConfigurationPlatforms) = postSolution
		{3E1EC010-52E0-437B-BF92-343FA957181B}.Debug|Any CPU.ActiveCfg = Debug|Any CPU
		{3E1EC010-52E0-437B-BF92-343FA957181B}.Debug|Any CPU.Build.0 = Debug|Any CPU
		{3E1EC010-52E0-437B-BF92-343FA957181B}.Release|Any CPU.ActiveCfg = Release|Any CPU
		{3E1EC010-52E0-437B-BF92-343FA957181B}.Release|Any CPU.Build.0 = Release|Any CPU
		{C3469D9F-C9BF-42F3-BADD-E90736314CD1}.Debug|Any CPU.ActiveCfg = Debug|Any CPU
		{C3469D9F-C9BF-42F3-BADD-E90736314CD1}.Debug|Any CPU.Build.0 = Debug|Any CPU
		{C3469D9F-C9BF-42F3-BADD-E90736314CD1}.Release|Any CPU.ActiveCfg = Release|Any CPU
		{C3469D9F-C9BF-42F3-BADD-E90736314CD1}.Release|Any CPU.Build.0 = Release|Any CPU
		{1EC75AE5-A557-4E75-9083-031821680540}.Debug|Any CPU.ActiveCfg = Debug|Any CPU
		{1EC75AE5-A557-4E75-9083-031821680540}.Debug|Any CPU.Build.0 = Debug|Any CPU
		{1EC75AE5-A557-4E75-9083-031821680540}.Release|Any CPU.ActiveCfg = Release|Any CPU
		{1EC75AE5-A557-4E75-9083-031821680540}.Release|Any CPU.Build.0 = Release|Any CPU
		{05746773-A77D-43F4-AF9E-9EBC3342AF84}.Debug|Any CPU.ActiveCfg = Debug|Any CPU
		{05746773-A77D-43F4-AF9E-9EBC3342AF84}.Debug|Any CPU.Build.0 = Debug|Any CPU
		{05746773-A77D-43F4-AF9E-9EBC3342AF84}.Release|Any CPU.ActiveCfg = Release|Any CPU
		{05746773-A77D-43F4-AF9E-9EBC3342AF84}.Release|Any CPU.Build.0 = Release|Any CPU
		{5AFF68BF-0D38-4310-8FF2-369339A82078}.Debug|Any CPU.ActiveCfg = Debug|Any CPU
		{5AFF68BF-0D38-4310-8FF2-369339A82078}.Debug|Any CPU.Build.0 = Debug|Any CPU
		{5AFF68BF-0D38-4310-8FF2-369339A82078}.Release|Any CPU.ActiveCfg = Release|Any CPU
		{5AFF68BF-0D38-4310-8FF2-369339A82078}.Release|Any CPU.Build.0 = Release|Any CPU
		{25B44311-FB8D-4B5E-BC9F-7A545F4E62A6}.Debug|Any CPU.ActiveCfg = Debug|Any CPU
		{25B44311-FB8D-4B5E-BC9F-7A545F4E62A6}.Debug|Any CPU.Build.0 = Debug|Any CPU
		{25B44311-FB8D-4B5E-BC9F-7A545F4E62A6}.Release|Any CPU.ActiveCfg = Release|Any CPU
		{25B44311-FB8D-4B5E-BC9F-7A545F4E62A6}.Release|Any CPU.Build.0 = Release|Any CPU
		{887EFF7B-6651-477E-9A36-DBE5BEF2B416}.Debug|Any CPU.ActiveCfg = Debug|Any CPU
		{887EFF7B-6651-477E-9A36-DBE5BEF2B416}.Debug|Any CPU.Build.0 = Debug|Any CPU
		{887EFF7B-6651-477E-9A36-DBE5BEF2B416}.Release|Any CPU.ActiveCfg = Release|Any CPU
		{887EFF7B-6651-477E-9A36-DBE5BEF2B416}.Release|Any CPU.Build.0 = Release|Any CPU
		{DC4943DD-6777-4599-8D55-80BB25BD8F69}.Debug|Any CPU.ActiveCfg = Debug|Any CPU
		{DC4943DD-6777-4599-8D55-80BB25BD8F69}.Debug|Any CPU.Build.0 = Debug|Any CPU
		{DC4943DD-6777-4599-8D55-80BB25BD8F69}.Release|Any CPU.ActiveCfg = Release|Any CPU
		{DC4943DD-6777-4599-8D55-80BB25BD8F69}.Release|Any CPU.Build.0 = Release|Any CPU
		{71F0EB9E-9852-458B-851A-0D70406D2746}.Debug|Any CPU.ActiveCfg = Debug|Any CPU
		{71F0EB9E-9852-458B-851A-0D70406D2746}.Debug|Any CPU.Build.0 = Debug|Any CPU
		{71F0EB9E-9852-458B-851A-0D70406D2746}.Release|Any CPU.ActiveCfg = Release|Any CPU
		{71F0EB9E-9852-458B-851A-0D70406D2746}.Release|Any CPU.Build.0 = Release|Any CPU
		{0A1AC58C-16A3-4B06-B0E1-04C8F24931CE}.Debug|Any CPU.ActiveCfg = Debug|Any CPU
		{0A1AC58C-16A3-4B06-B0E1-04C8F24931CE}.Debug|Any CPU.Build.0 = Debug|Any CPU
		{0A1AC58C-16A3-4B06-B0E1-04C8F24931CE}.Release|Any CPU.ActiveCfg = Release|Any CPU
		{0A1AC58C-16A3-4B06-B0E1-04C8F24931CE}.Release|Any CPU.Build.0 = Release|Any CPU
		{FC01E218-9B86-453E-A7D4-0F61DB0DF0D6}.Debug|Any CPU.ActiveCfg = Debug|Any CPU
		{FC01E218-9B86-453E-A7D4-0F61DB0DF0D6}.Debug|Any CPU.Build.0 = Debug|Any CPU
		{FC01E218-9B86-453E-A7D4-0F61DB0DF0D6}.Release|Any CPU.ActiveCfg = Release|Any CPU
		{FC01E218-9B86-453E-A7D4-0F61DB0DF0D6}.Release|Any CPU.Build.0 = Release|Any CPU
	EndGlobalSection
	GlobalSection(SolutionProperties) = preSolution
		HideSolutionNode = FALSE
	EndGlobalSection
	GlobalSection(ExtensibilityGlobals) = postSolution
		SolutionGuid = {0510042C-9496-40F1-BA46-4B1E73D3B568}
	EndGlobalSection
EndGlobal
